
Microsoft Visual Studio Solution File, Format Version 12.00
# Visual Studio Version 17
VisualStudioVersion = 17.5.33424.131
MinimumVisualStudioVersion = 10.0.40219.1
Project("{9A19103F-16F7-4668-BE54-9A1E7A4F7556}") = "Frutas.Api", "src\Frutas.api\Frutas.Api.csproj", "{5316D774-94B9-4D27-B34E-F2106B069520}"
EndProject
Project("{2150E333-8FDC-42A3-9474-1A3956D46DE8}") = "src", "src", "{9179B19C-54CE-49F0-ABD1-56ADF49FD0A4}"
EndProject
Project("{FAE04EC0-301F-11D3-BF4B-00C04F79EFBC}") = "Frutas.Core", "src\Frutas.Core\Frutas.Core.csproj", "{CD46400E-F381-46EF-A530-85A0A8989979}"
EndProject
Global
	GlobalSection(SolutionConfigurationPlatforms) = preSolution
		Debug|Any CPU = Debug|Any CPU
		Release|Any CPU = Release|Any CPU
	EndGlobalSection
	GlobalSection(ProjectConfigurationPlatforms) = postSolution
		{5316D774-94B9-4D27-B34E-F2106B069520}.Debug|Any CPU.ActiveCfg = Debug|Any CPU
		{5316D774-94B9-4D27-B34E-F2106B069520}.Debug|Any CPU.Build.0 = Debug|Any CPU
		{5316D774-94B9-4D27-B34E-F2106B069520}.Release|Any CPU.ActiveCfg = Release|Any CPU
		{5316D774-94B9-4D27-B34E-F2106B069520}.Release|Any CPU.Build.0 = Release|Any CPU
		{CD46400E-F381-46EF-A530-85A0A8989979}.Debug|Any CPU.ActiveCfg = Debug|Any CPU
		{CD46400E-F381-46EF-A530-85A0A8989979}.Debug|Any CPU.Build.0 = Debug|Any CPU
		{CD46400E-F381-46EF-A530-85A0A8989979}.Release|Any CPU.ActiveCfg = Release|Any CPU
		{CD46400E-F381-46EF-A530-85A0A8989979}.Release|Any CPU.Build.0 = Release|Any CPU
	EndGlobalSection
	GlobalSection(SolutionProperties) = preSolution
		HideSolutionNode = FALSE
	EndGlobalSection
	GlobalSection(NestedProjects) = preSolution
		{5316D774-94B9-4D27-B34E-F2106B069520} = {9179B19C-54CE-49F0-ABD1-56ADF49FD0A4}
		{CD46400E-F381-46EF-A530-85A0A8989979} = {9179B19C-54CE-49F0-ABD1-56ADF49FD0A4}
	EndGlobalSection
	GlobalSection(ExtensibilityGlobals) = postSolution
		SolutionGuid = {71F5E707-964E-4D64-A95A-1DB75DDBEFB1}
	EndGlobalSection
EndGlobal
